
Microsoft Visual Studio Solution File, Format Version 12.00
# Visual Studio Version 16
VisualStudioVersion = 16.0.30011.22
MinimumVisualStudioVersion = 10.0.40219.1
Project("{9A19103F-16F7-4668-BE54-9A1E7A4F7556}") = "Contracts", "Contracts\Contracts.csproj", "{31B9E46C-AB1D-490A-9DCB-B4D3EB961066}"
EndProject
Project("{9A19103F-16F7-4668-BE54-9A1E7A4F7556}") = "App", "App\App.csproj", "{03B9E4FF-C4E2-49F2-80EB-10072659AB47}"
EndProject
Project("{9A19103F-16F7-4668-BE54-9A1E7A4F7556}") = "CosmosSdkLib", "CosmosSdkLib\CosmosSdkLib.csproj", "{6CD24EBA-023A-4E3C-8B50-DC4991F76DC0}"
EndProject
Project("{9A19103F-16F7-4668-BE54-9A1E7A4F7556}") = "LegacyStorageLib", "LegacyStorageLib\LegacyStorageLib.csproj", "{7884B101-DA1F-4D6D-A741-C37136143BD5}"
EndProject
Project("{9A19103F-16F7-4668-BE54-9A1E7A4F7556}") = "SearchSdkLib", "SearchSdkLib\SearchSdkLib.csproj", "{8B4EE68C-D0D3-42AB-BE7B-5C14C6387814}"
EndProject
Project("{2150E333-8FDC-42A3-9474-1A3956D46DE8}") = "Sdks", "Sdks", "{B139D566-81A6-4D31-B6E2-841485E5A38C}"
EndProject
Project("{9A19103F-16F7-4668-BE54-9A1E7A4F7556}") = "SearchStorageLib", "SearchStorageLib\SearchStorageLib.csproj", "{E45A561A-102A-4E60-9867-3D18E572B417}"
EndProject
Project("{2150E333-8FDC-42A3-9474-1A3956D46DE8}") = "Jobs", "Jobs", "{1BF97C96-68AF-4311-8AF9-C4E4E44622F8}"
EndProject
Project("{9A19103F-16F7-4668-BE54-9A1E7A4F7556}") = "SearchDocumentsJob", "SearchDocumentsJob\SearchDocumentsJob.csproj", "{DF625D8B-BC58-4307-B33C-1ADA468E7E71}"
EndProject
Project("{9A19103F-16F7-4668-BE54-9A1E7A4F7556}") = "BlobStorageLib", "BlobStorageLib\BlobStorageLib.csproj", "{81B98EFC-8FDC-481C-B2BE-333188EDC4BD}"
EndProject
Project("{9A19103F-16F7-4668-BE54-9A1E7A4F7556}") = "BlobSdkLib", "BlobSdkLib\BlobSdkLib.csproj", "{46B8ACB3-7F33-4079-86E5-FBDD7EE76FFD}"
EndProject
Project("{2150E333-8FDC-42A3-9474-1A3956D46DE8}") = "Strategies", "Strategies", "{584E93CB-8015-46FF-8956-AF95CBCBDC65}"
EndProject
Project("{2150E333-8FDC-42A3-9474-1A3956D46DE8}") = "Solution Items", "Solution Items", "{1F21B8EE-324A-483B-B232-DA989B998053}"
	ProjectSection(SolutionItems) = preProject
		.github\workflows\ci.yml = .github\workflows\ci.yml
		README.md = README.md
	EndProjectSection
EndProject
Project("{9A19103F-16F7-4668-BE54-9A1E7A4F7556}") = "SoftBlobStorageLib", "SoftBlobStorageLib\SoftBlobStorageLib.csproj", "{FAD6396E-171D-4D36-97AB-6328EF4517C2}"
EndProject
Project("{9A19103F-16F7-4668-BE54-9A1E7A4F7556}") = "SoftSearchStorageLib", "SoftSearchStorageLib\SoftSearchStorageLib.csproj", "{5DC922DD-E9EF-4C26-A93A-54AEC5153ACE}"
EndProject
Global
	GlobalSection(SolutionConfigurationPlatforms) = preSolution
		Debug|Any CPU = Debug|Any CPU
		Release|Any CPU = Release|Any CPU
	EndGlobalSection
	GlobalSection(ProjectConfigurationPlatforms) = postSolution
		{31B9E46C-AB1D-490A-9DCB-B4D3EB961066}.Debug|Any CPU.ActiveCfg = Debug|Any CPU
		{31B9E46C-AB1D-490A-9DCB-B4D3EB961066}.Debug|Any CPU.Build.0 = Debug|Any CPU
		{31B9E46C-AB1D-490A-9DCB-B4D3EB961066}.Release|Any CPU.ActiveCfg = Release|Any CPU
		{31B9E46C-AB1D-490A-9DCB-B4D3EB961066}.Release|Any CPU.Build.0 = Release|Any CPU
		{03B9E4FF-C4E2-49F2-80EB-10072659AB47}.Debug|Any CPU.ActiveCfg = Debug|Any CPU
		{03B9E4FF-C4E2-49F2-80EB-10072659AB47}.Debug|Any CPU.Build.0 = Debug|Any CPU
		{03B9E4FF-C4E2-49F2-80EB-10072659AB47}.Release|Any CPU.ActiveCfg = Release|Any CPU
		{03B9E4FF-C4E2-49F2-80EB-10072659AB47}.Release|Any CPU.Build.0 = Release|Any CPU
		{6CD24EBA-023A-4E3C-8B50-DC4991F76DC0}.Debug|Any CPU.ActiveCfg = Debug|Any CPU
		{6CD24EBA-023A-4E3C-8B50-DC4991F76DC0}.Debug|Any CPU.Build.0 = Debug|Any CPU
		{6CD24EBA-023A-4E3C-8B50-DC4991F76DC0}.Release|Any CPU.ActiveCfg = Release|Any CPU
		{6CD24EBA-023A-4E3C-8B50-DC4991F76DC0}.Release|Any CPU.Build.0 = Release|Any CPU
		{7884B101-DA1F-4D6D-A741-C37136143BD5}.Debug|Any CPU.ActiveCfg = Debug|Any CPU
		{7884B101-DA1F-4D6D-A741-C37136143BD5}.Debug|Any CPU.Build.0 = Debug|Any CPU
		{7884B101-DA1F-4D6D-A741-C37136143BD5}.Release|Any CPU.ActiveCfg = Release|Any CPU
		{7884B101-DA1F-4D6D-A741-C37136143BD5}.Release|Any CPU.Build.0 = Release|Any CPU
		{8B4EE68C-D0D3-42AB-BE7B-5C14C6387814}.Debug|Any CPU.ActiveCfg = Debug|Any CPU
		{8B4EE68C-D0D3-42AB-BE7B-5C14C6387814}.Debug|Any CPU.Build.0 = Debug|Any CPU
		{8B4EE68C-D0D3-42AB-BE7B-5C14C6387814}.Release|Any CPU.ActiveCfg = Release|Any CPU
		{8B4EE68C-D0D3-42AB-BE7B-5C14C6387814}.Release|Any CPU.Build.0 = Release|Any CPU
		{E45A561A-102A-4E60-9867-3D18E572B417}.Debug|Any CPU.ActiveCfg = Debug|Any CPU
		{E45A561A-102A-4E60-9867-3D18E572B417}.Debug|Any CPU.Build.0 = Debug|Any CPU
		{E45A561A-102A-4E60-9867-3D18E572B417}.Release|Any CPU.ActiveCfg = Release|Any CPU
		{E45A561A-102A-4E60-9867-3D18E572B417}.Release|Any CPU.Build.0 = Release|Any CPU
		{DF625D8B-BC58-4307-B33C-1ADA468E7E71}.Debug|Any CPU.ActiveCfg = Debug|Any CPU
		{DF625D8B-BC58-4307-B33C-1ADA468E7E71}.Debug|Any CPU.Build.0 = Debug|Any CPU
		{DF625D8B-BC58-4307-B33C-1ADA468E7E71}.Release|Any CPU.ActiveCfg = Release|Any CPU
		{DF625D8B-BC58-4307-B33C-1ADA468E7E71}.Release|Any CPU.Build.0 = Release|Any CPU
		{81B98EFC-8FDC-481C-B2BE-333188EDC4BD}.Debug|Any CPU.ActiveCfg = Debug|Any CPU
		{81B98EFC-8FDC-481C-B2BE-333188EDC4BD}.Debug|Any CPU.Build.0 = Debug|Any CPU
		{81B98EFC-8FDC-481C-B2BE-333188EDC4BD}.Release|Any CPU.ActiveCfg = Release|Any CPU
		{81B98EFC-8FDC-481C-B2BE-333188EDC4BD}.Release|Any CPU.Build.0 = Release|Any CPU
		{46B8ACB3-7F33-4079-86E5-FBDD7EE76FFD}.Debug|Any CPU.ActiveCfg = Debug|Any CPU
		{46B8ACB3-7F33-4079-86E5-FBDD7EE76FFD}.Debug|Any CPU.Build.0 = Debug|Any CPU
		{46B8ACB3-7F33-4079-86E5-FBDD7EE76FFD}.Release|Any CPU.ActiveCfg = Release|Any CPU
		{46B8ACB3-7F33-4079-86E5-FBDD7EE76FFD}.Release|Any CPU.Build.0 = Release|Any CPU
		{FAD6396E-171D-4D36-97AB-6328EF4517C2}.Debug|Any CPU.ActiveCfg = Debug|Any CPU
		{FAD6396E-171D-4D36-97AB-6328EF4517C2}.Debug|Any CPU.Build.0 = Debug|Any CPU
		{FAD6396E-171D-4D36-97AB-6328EF4517C2}.Release|Any CPU.ActiveCfg = Release|Any CPU
		{FAD6396E-171D-4D36-97AB-6328EF4517C2}.Release|Any CPU.Build.0 = Release|Any CPU
		{5DC922DD-E9EF-4C26-A93A-54AEC5153ACE}.Debug|Any CPU.ActiveCfg = Debug|Any CPU
		{5DC922DD-E9EF-4C26-A93A-54AEC5153ACE}.Debug|Any CPU.Build.0 = Debug|Any CPU
		{5DC922DD-E9EF-4C26-A93A-54AEC5153ACE}.Release|Any CPU.ActiveCfg = Release|Any CPU
		{5DC922DD-E9EF-4C26-A93A-54AEC5153ACE}.Release|Any CPU.Build.0 = Release|Any CPU
	EndGlobalSection
	GlobalSection(SolutionProperties) = preSolution
		HideSolutionNode = FALSE
	EndGlobalSection
	GlobalSection(NestedProjects) = preSolution
		{6CD24EBA-023A-4E3C-8B50-DC4991F76DC0} = {B139D566-81A6-4D31-B6E2-841485E5A38C}
		{7884B101-DA1F-4D6D-A741-C37136143BD5} = {584E93CB-8015-46FF-8956-AF95CBCBDC65}
		{8B4EE68C-D0D3-42AB-BE7B-5C14C6387814} = {B139D566-81A6-4D31-B6E2-841485E5A38C}
		{E45A561A-102A-4E60-9867-3D18E572B417} = {584E93CB-8015-46FF-8956-AF95CBCBDC65}
		{DF625D8B-BC58-4307-B33C-1ADA468E7E71} = {1BF97C96-68AF-4311-8AF9-C4E4E44622F8}
		{81B98EFC-8FDC-481C-B2BE-333188EDC4BD} = {584E93CB-8015-46FF-8956-AF95CBCBDC65}
		{46B8ACB3-7F33-4079-86E5-FBDD7EE76FFD} = {B139D566-81A6-4D31-B6E2-841485E5A38C}
		{FAD6396E-171D-4D36-97AB-6328EF4517C2} = {584E93CB-8015-46FF-8956-AF95CBCBDC65}
		{5DC922DD-E9EF-4C26-A93A-54AEC5153ACE} = {584E93CB-8015-46FF-8956-AF95CBCBDC65}
	EndGlobalSection
	GlobalSection(ExtensibilityGlobals) = postSolution
		SolutionGuid = {AAA697EF-6447-45EE-B7E4-90ACAE022381}
	EndGlobalSection
EndGlobal
